
Microsoft Visual Studio Solution File, Format Version 12.00
# Visual Studio Version 17
VisualStudioVersion = 17.14.35806.103
MinimumVisualStudioVersion = 10.0.40219.1
Project("{FAE04EC0-301F-11D3-BF4B-00C04F79EFBC}") = "MoviesAPI", "MoviesAPI\MoviesAPI.csproj", "{2945F7DA-0A8E-486E-A6B6-334AF1DC0626}"
EndProject
Project("{FAE04EC0-301F-11D3-BF4B-00C04F79EFBC}") = "MoviesAPI.Tests", "MoviesAPI.Tests\MoviesAPI.Tests.csproj", "{2E787BF5-5DB4-43F6-B1C3-F81C3C0194FB}"
EndProject
Global
	GlobalSection(SolutionConfigurationPlatforms) = preSolution
		Debug|Any CPU = Debug|Any CPU
		Release|Any CPU = Release|Any CPU
	EndGlobalSection
	GlobalSection(ProjectConfigurationPlatforms) = postSolution
		{2945F7DA-0A8E-486E-A6B6-334AF1DC0626}.Debug|Any CPU.ActiveCfg = Debug|Any CPU
		{2945F7DA-0A8E-486E-A6B6-334AF1DC0626}.Debug|Any CPU.Build.0 = Debug|Any CPU
		{2945F7DA-0A8E-486E-A6B6-334AF1DC0626}.Release|Any CPU.ActiveCfg = Release|Any CPU
		{2945F7DA-0A8E-486E-A6B6-334AF1DC0626}.Release|Any CPU.Build.0 = Release|Any CPU
		{2E787BF5-5DB4-43F6-B1C3-F81C3C0194FB}.Debug|Any CPU.ActiveCfg = Debug|Any CPU
		{2E787BF5-5DB4-43F6-B1C3-F81C3C0194FB}.Debug|Any CPU.Build.0 = Debug|Any CPU
		{2E787BF5-5DB4-43F6-B1C3-F81C3C0194FB}.Release|Any CPU.ActiveCfg = Release|Any CPU
		{2E787BF5-5DB4-43F6-B1C3-F81C3C0194FB}.Release|Any CPU.Build.0 = Release|Any CPU
	EndGlobalSection
	GlobalSection(SolutionProperties) = preSolution
		HideSolutionNode = FALSE
	EndGlobalSection
	GlobalSection(ExtensibilityGlobals) = postSolution
		SolutionGuid = {A30F31B8-FC5D-4D3A-BBF2-638F5B341485}
	EndGlobalSection
EndGlobal
